
Microsoft Visual Studio Solution File, Format Version 12.00
# Visual Studio Version 17
VisualStudioVersion = 17.1.32421.90
MinimumVisualStudioVersion = 10.0.40219.1
Project("{FAE04EC0-301F-11D3-BF4B-00C04F79EFBC}") = "esercizio 7", "esercizio 7\esercizio 7.csproj", "{D8113433-C3D8-47C3-B61E-179E0C4E5BA8}"
EndProject
Global
	GlobalSection(SolutionConfigurationPlatforms) = preSolution
		Debug|Any CPU = Debug|Any CPU
		Release|Any CPU = Release|Any CPU
	EndGlobalSection
	GlobalSection(ProjectConfigurationPlatforms) = postSolution
		{D8113433-C3D8-47C3-B61E-179E0C4E5BA8}.Debug|Any CPU.ActiveCfg = Debug|Any CPU
		{D8113433-C3D8-47C3-B61E-179E0C4E5BA8}.Debug|Any CPU.Build.0 = Debug|Any CPU
		{D8113433-C3D8-47C3-B61E-179E0C4E5BA8}.Release|Any CPU.ActiveCfg = Release|Any CPU
		{D8113433-C3D8-47C3-B61E-179E0C4E5BA8}.Release|Any CPU.Build.0 = Release|Any CPU
	EndGlobalSection
	GlobalSection(SolutionProperties) = preSolution
		HideSolutionNode = FALSE
	EndGlobalSection
	GlobalSection(ExtensibilityGlobals) = postSolution
		SolutionGuid = {50E64B66-73C3-46AF-BCE6-3ED4BCAD1430}
	EndGlobalSection
EndGlobal
